# This file was autogenerated by Stack.
# You should not edit this file by hand.
# For more information, please see the documentation at:
#   https://docs.haskellstack.org/en/stable/topics/lock_files

packages:
- completed:
    hackage: aeson-2.2.3.0@sha256:011fa2d67d7a821aa5ec5c825adc919bb067d42dde8fac7c6e5db23239a58866,6589
    pantry-tree:
      sha256: e928995a568c7437575160844341219a5b057fc8e27f51162da8595692e2500c
      size: 83371
  original:
    hackage: aeson-2.2.3.0
- completed:
    hackage: http-client-0.7.18@sha256:fadcb57b2f36bbd1773538e10af7da581ef1fa479b4f7d30f55cba3247f71b8c,5613
    pantry-tree:
      sha256: 457feeb8879d8007e3999d4f3456e50f7460e6c720bfc5b3f7d0501f5fd802e1
      size: 2547
  original:
    hackage: http-client-0.7.18
- completed:
    hackage: http-client-tls-0.3.6.4@sha256:17217717fbbcda951b4ff000a7fbce416975b154c9bc09e56d9cac8ffb3b9525,2040
    pantry-tree:
      sha256: 4b316381e910056a29ad08ac6ffd430b2df97a84c0875c58d0f88b7f3113aa93
      size: 435
  original:
    hackage: http-client-tls-0.3.6.4
- completed:
    hackage: lens-5.3.3@sha256:b0dad972e401df9ddb8df98c7153f661c077607bfed83b210fd9508ba6f44f8d,14839
    pantry-tree:
      sha256: 8cfccd6f020672c602d0902904bb2ed4bd8f2e8ca35564b8d0ceb06a35223461
      size: 8405
  original:
    hackage: lens-5.3.3
- completed:
    hackage: json-0.11@sha256:3afa37628415992fe648da6f002672f5a0119aa5d49022bf928d10a927c29318,3250
    pantry-tree:
      sha256: 71526412887c0e9b5fe732f629fd1771e6fcce132ebe7bb1a95d6c509372c902
      size: 3190
  original:
    hackage: json-0.11
snapshots:
- completed:
    sha256: 90719ee9e630cf0535cc349cb35e007cec11db9462d598be78cf8ecbabd12c6c
    size: 679061
    url: https://raw.githubusercontent.com/commercialhaskell/stackage-snapshots/master/lts/23/2.yaml
  original:
    url: https://raw.githubusercontent.com/commercialhaskell/stackage-snapshots/master/lts/23/2.yaml
